
Microsoft Visual Studio Solution File, Format Version 12.00
# Visual Studio Version 17
VisualStudioVersion = 17.7.34202.233
MinimumVisualStudioVersion = 10.0.40219.1
Project("{FAE04EC0-301F-11D3-BF4B-00C04F79EFBC}") = "BaseNetCore.API", "BaseNetCore.API\BaseNetCore.API.csproj", "{43F5863E-EDA7-460B-AE3B-033330C500E0}"
EndProject
Project("{FAE04EC0-301F-11D3-BF4B-00C04F79EFBC}") = "BaseNetCore.Application", "BaseNetCore.Application\BaseNetCore.Application.csproj", "{9B252157-DB91-491A-A1FB-2560A910D4B6}"
EndProject
Project("{FAE04EC0-301F-11D3-BF4B-00C04F79EFBC}") = "BaseNetCore.Domain", "BaseNetCore.Domain\BaseNetCore.Domain.csproj", "{4B7CDCC9-CB8C-465F-A74D-6013BEB8A416}"
EndProject
Project("{FAE04EC0-301F-11D3-BF4B-00C04F79EFBC}") = "BaseNetCore.Infrastructure", "BaseNetCore.Infrastructure\BaseNetCore.Infrastructure.csproj", "{6ED74212-2AAB-454D-8470-EFEE2BE35AF2}"
EndProject
Global
	GlobalSection(SolutionConfigurationPlatforms) = preSolution
		Debug|Any CPU = Debug|Any CPU
		Release|Any CPU = Release|Any CPU
	EndGlobalSection
	GlobalSection(ProjectConfigurationPlatforms) = postSolution
		{43F5863E-EDA7-460B-AE3B-033330C500E0}.Debug|Any CPU.ActiveCfg = Debug|Any CPU
		{43F5863E-EDA7-460B-AE3B-033330C500E0}.Debug|Any CPU.Build.0 = Debug|Any CPU
		{43F5863E-EDA7-460B-AE3B-033330C500E0}.Release|Any CPU.ActiveCfg = Release|Any CPU
		{43F5863E-EDA7-460B-AE3B-033330C500E0}.Release|Any CPU.Build.0 = Release|Any CPU
		{9B252157-DB91-491A-A1FB-2560A910D4B6}.Debug|Any CPU.ActiveCfg = Debug|Any CPU
		{9B252157-DB91-491A-A1FB-2560A910D4B6}.Debug|Any CPU.Build.0 = Debug|Any CPU
		{9B252157-DB91-491A-A1FB-2560A910D4B6}.Release|Any CPU.ActiveCfg = Release|Any CPU
		{9B252157-DB91-491A-A1FB-2560A910D4B6}.Release|Any CPU.Build.0 = Release|Any CPU
		{4B7CDCC9-CB8C-465F-A74D-6013BEB8A416}.Debug|Any CPU.ActiveCfg = Debug|Any CPU
		{4B7CDCC9-CB8C-465F-A74D-6013BEB8A416}.Debug|Any CPU.Build.0 = Debug|Any CPU
		{4B7CDCC9-CB8C-465F-A74D-6013BEB8A416}.Release|Any CPU.ActiveCfg = Release|Any CPU
		{4B7CDCC9-CB8C-465F-A74D-6013BEB8A416}.Release|Any CPU.Build.0 = Release|Any CPU
		{6ED74212-2AAB-454D-8470-EFEE2BE35AF2}.Debug|Any CPU.ActiveCfg = Debug|Any CPU
		{6ED74212-2AAB-454D-8470-EFEE2BE35AF2}.Debug|Any CPU.Build.0 = Debug|Any CPU
		{6ED74212-2AAB-454D-8470-EFEE2BE35AF2}.Release|Any CPU.ActiveCfg = Release|Any CPU
		{6ED74212-2AAB-454D-8470-EFEE2BE35AF2}.Release|Any CPU.Build.0 = Release|Any CPU
	EndGlobalSection
	GlobalSection(SolutionProperties) = preSolution
		HideSolutionNode = FALSE
	EndGlobalSection
	GlobalSection(ExtensibilityGlobals) = postSolution
		SolutionGuid = {8D582A85-5234-4A57-A4ED-5D0D588E3AC0}
	EndGlobalSection
EndGlobal
